
Microsoft Visual Studio Solution File, Format Version 12.00
# Visual Studio Version 16
VisualStudioVersion = 25.0.1706.14
MinimumVisualStudioVersion = 10.0.40219.1
Project("{FAE04EC0-301F-11D3-BF4B-00C04F79EFBC}") = "Biblioteca_Josias_83", "Biblioteca_Josias_83\Biblioteca_Josias_83.csproj", "{ACE6A51C-A4A5-4F9A-BBB2-863AB8DE7ECF}"
EndProject
Global
	GlobalSection(SolutionConfigurationPlatforms) = preSolution
		Debug|Any CPU = Debug|Any CPU
		Release|Any CPU = Release|Any CPU
	EndGlobalSection
	GlobalSection(ProjectConfigurationPlatforms) = postSolution
		{ACE6A51C-A4A5-4F9A-BBB2-863AB8DE7ECF}.Debug|Any CPU.ActiveCfg = Debug|Any CPU
		{ACE6A51C-A4A5-4F9A-BBB2-863AB8DE7ECF}.Debug|Any CPU.Build.0 = Debug|Any CPU
		{ACE6A51C-A4A5-4F9A-BBB2-863AB8DE7ECF}.Release|Any CPU.ActiveCfg = Release|Any CPU
		{ACE6A51C-A4A5-4F9A-BBB2-863AB8DE7ECF}.Release|Any CPU.Build.0 = Release|Any CPU
	EndGlobalSection
	GlobalSection(SolutionProperties) = preSolution
		HideSolutionNode = FALSE
	EndGlobalSection
	GlobalSection(ExtensibilityGlobals) = postSolution
		SolutionGuid = {9C7994C0-C795-4B58-AE23-B29C39BBB8F2}
	EndGlobalSection
EndGlobal
